
Microsoft Visual Studio Solution File, Format Version 12.00
# Visual Studio Version 17
VisualStudioVersion = 17.0.32112.339
MinimumVisualStudioVersion = 10.0.40219.1
Project("{FAE04EC0-301F-11D3-BF4B-00C04F79EFBC}") = "Main_Proj", "Learning_NET\Main_Proj.csproj", "{4B671111-60A0-4059-AD67-EF0E02E04EF1}"
EndProject
Project("{FAE04EC0-301F-11D3-BF4B-00C04F79EFBC}") = "DinnerParty_ch5str254", "DinnerParty_ch5str254\DinnerParty_ch5str254.csproj", "{69E491A2-8AB0-4BDA-8ECC-80C92FAB011E}"
EndProject
Project("{FAE04EC0-301F-11D3-BF4B-00C04F79EFBC}") = "PartyPlanner_v2_0", "PartyPlanner_v2_0\PartyPlanner_v2_0.csproj", "{65E09F91-2F04-45A0-BC0E-B783E6860A36}"
EndProject
Project("{FAE04EC0-301F-11D3-BF4B-00C04F79EFBC}") = "TestingBoats", "TestingBoats\TestingBoats.csproj", "{1585292F-C42E-4F1A-A53D-D551CCC30FBC}"
EndProject
Project("{FAE04EC0-301F-11D3-BF4B-00C04F79EFBC}") = "Inheritance", "Inheritance\Inheritance.csproj", "{FB1DBE40-1EA0-4267-AE0C-9D5BB75E4A3E}"
EndProject
Project("{FAE04EC0-301F-11D3-BF4B-00C04F79EFBC}") = "PartyPlanner_v3", "PartyPlanner_v3\PartyPlanner_v3.csproj", "{917C3990-27C1-46AC-8D85-80CC79BF4CBF}"
EndProject
Project("{FAE04EC0-301F-11D3-BF4B-00C04F79EFBC}") = "BeehiveManagementSystem", "BeehiveManagementSystem\BeehiveManagementSystem.csproj", "{09AE22D9-1C2D-413C-812A-0353B402DF48}"
EndProject
Project("{FAE04EC0-301F-11D3-BF4B-00C04F79EFBC}") = "BeehiveManagementSystem_v2", "BeehiveManagementSystem_v2\BeehiveManagementSystem_v2.csproj", "{499128C7-D625-47C0-AB0C-1661D17F5DF3}"
EndProject
Project("{FAE04EC0-301F-11D3-BF4B-00C04F79EFBC}") = "LearnInterfaces", "LearnInterfaces\LearnInterfaces.csproj", "{1C459949-EB76-458A-9088-CBAA0AC41485}"
EndProject
Project("{FAE04EC0-301F-11D3-BF4B-00C04F79EFBC}") = "InterfaceConsoleApp", "InterfaceConsoleApp\InterfaceConsoleApp.csproj", "{802BC702-274A-4AAF-8A6E-7266C39CC0D7}"
EndProject
Project("{FAE04EC0-301F-11D3-BF4B-00C04F79EFBC}") = "HouseExplorer", "HouseExplorer\HouseExplorer.csproj", "{95B87A01-09EA-4D36-B617-B9B014D88626}"
EndProject
Project("{FAE04EC0-301F-11D3-BF4B-00C04F79EFBC}") = "HideAndSeek_HouseExplorer_v2", "HideAndSeek_HouseExplorer_v2\HideAndSeek_HouseExplorer_v2.csproj", "{EC979E16-6D06-445C-9B54-736B0CD03FEC}"
EndProject
Project("{FAE04EC0-301F-11D3-BF4B-00C04F79EFBC}") = "Enum", "Enum\Enum.csproj", "{C83A95D1-F7C3-472D-8EB1-E9BC5A15F6DA}"
EndProject
Project("{FAE04EC0-301F-11D3-BF4B-00C04F79EFBC}") = "AceOfSpadesSimulator", "AceOfSpadesSimulator\AceOfSpadesSimulator.csproj", "{AFB3DCE4-D934-40CC-BF04-7C5341C84291}"
EndProject
Project("{FAE04EC0-301F-11D3-BF4B-00C04F79EFBC}") = "DynamicListSizing", "DynamicListSizing\DynamicListSizing.csproj", "{84004983-95C6-43AD-8AFC-8E4EE3C8D0BF}"
EndProject
Project("{FAE04EC0-301F-11D3-BF4B-00C04F79EFBC}") = "Question_str_383", "Question_str_383\Question_str_383.csproj", "{CA9EFDEA-3306-40C4-84A2-F07FFC2A2CEB}"
EndProject
Project("{FAE04EC0-301F-11D3-BF4B-00C04F79EFBC}") = "DuckCollectioner", "DuckCollectioner\DuckCollectioner.csproj", "{BBE17C43-E2F6-4A39-863B-568DB9F5810F}"
EndProject
Project("{FAE04EC0-301F-11D3-BF4B-00C04F79EFBC}") = "SortCardsSimulator", "SortCardsSimulator\SortCardsSimulator.csproj", "{90E866F0-7A49-4441-B3F5-B1EEF3D6AEF6}"
EndProject
Project("{FAE04EC0-301F-11D3-BF4B-00C04F79EFBC}") = "JerseyNumbers", "JerseyNumbers\JerseyNumbers.csproj", "{4238D679-5D1B-43DE-BCBF-6F165C022D2B}"
EndProject
Project("{FAE04EC0-301F-11D3-BF4B-00C04F79EFBC}") = "Go_Fish_408", "Go_Fish_408\Go_Fish_408.csproj", "{16DD5012-F7F8-42EA-A170-BBB1C28D0B9B}"
EndProject
Project("{FAE04EC0-301F-11D3-BF4B-00C04F79EFBC}") = "FileSaver", "FileSaver\FileSaver.csproj", "{704CFE5F-ECAE-4A47-A76A-3DEE273406BE}"
EndProject
Project("{FAE04EC0-301F-11D3-BF4B-00C04F79EFBC}") = "SimpleKeySaver", "SimpleKeySaver\SimpleKeySaver.csproj", "{FC821859-A71D-4B12-934D-1AD1575CA32B}"
EndProject
Project("{FAE04EC0-301F-11D3-BF4B-00C04F79EFBC}") = "Events", "Events\Events.csproj", "{04F20691-C98D-4714-A22D-0119CAD87B6B}"
EndProject
Project("{FAE04EC0-301F-11D3-BF4B-00C04F79EFBC}") = "ThreadAndAsync", "ThreadAndAsync\ThreadAndAsync.csproj", "{E3B8A3F4-14C4-4FA0-8F8C-9796D2EF5E02}"
EndProject
Project("{FAE04EC0-301F-11D3-BF4B-00C04F79EFBC}") = "LateDllBinding", "LateDllBinding\LateDllBinding.csproj", "{13C95BD8-2AF8-417E-AE39-7676BD580F6A}"
EndProject
Project("{FAE04EC0-301F-11D3-BF4B-00C04F79EFBC}") = "MemoryStructAlloc", "MemoryStructAlloc\MemoryStructAlloc.csproj", "{A4F27C25-B301-465F-8AFA-20C94ED76866}"
EndProject
Project("{2150E333-8FDC-42A3-9474-1A3956D46DE8}") = "OfBook3rdEdition", "OfBook3rdEdition", "{20EA27C9-61E0-45B0-AEB2-0D06F1D8EE10}"
EndProject
Project("{2150E333-8FDC-42A3-9474-1A3956D46DE8}") = "CodeBlog", "CodeBlog", "{CEB47356-6AD1-435A-BAB3-D5727ACA51C0}"
EndProject
Project("{2150E333-8FDC-42A3-9474-1A3956D46DE8}") = "CodinGame", "CodinGame", "{C7844A84-A7F4-4FD7-95BD-E3E7B7373982}"
EndProject
Project("{2150E333-8FDC-42A3-9474-1A3956D46DE8}") = "Other", "Other", "{B2F8178A-05AA-4775-A86C-1A045FEF4842}"
EndProject
Project("{FAE04EC0-301F-11D3-BF4B-00C04F79EFBC}") = "StringSplitter", "StringSplitter\StringSplitter.csproj", "{D2D710F8-1A48-49E2-8A29-A081ED441AF1}"
EndProject
Project("{FAE04EC0-301F-11D3-BF4B-00C04F79EFBC}") = "ArrayShifter", "ArrayShifter\ArrayShifter.csproj", "{C1B77366-EF8D-4E7E-B5E8-086EB465F9BE}"
EndProject
Project("{FAE04EC0-301F-11D3-BF4B-00C04F79EFBC}") = "IpMaskCalculator", "IpMaskCalculator\IpMaskCalculator.csproj", "{6C88F452-A3D3-402F-B3F1-83E4FDEA4A2C}"
EndProject
Project("{FAE04EC0-301F-11D3-BF4B-00C04F79EFBC}") = "TemperaturesAnalyzer", "TemperaturesAnalyzer\TemperaturesAnalyzer.csproj", "{A5656A8B-D0A8-47EC-A300-CBC56ED749AF}"
EndProject
Project("{FAE04EC0-301F-11D3-BF4B-00C04F79EFBC}") = "CardWarGame", "CardWarGame\CardWarGame.csproj", "{FA1B3235-72A9-4443-A330-A3219838776F}"
EndProject
Project("{2150E333-8FDC-42A3-9474-1A3956D46DE8}") = "CodeWars", "CodeWars", "{FB2F9CDA-C9A8-481B-A203-19E1C86FE9D3}"
EndProject
Project("{FAE04EC0-301F-11D3-BF4B-00C04F79EFBC}") = "CodeWars", "CodeValidator\CodeWars.csproj", "{7E4FD8F7-00B6-4599-837E-2374C993DAE7}"
EndProject
Project("{9A19103F-16F7-4668-BE54-9A1E7A4F7556}") = "ValueTuple_Cortages", "ValueTuple\ValueTuple_Cortages.csproj", "{9FD05A1B-52BB-4E8E-91FB-9D412176D6D7}"
EndProject
Project("{9A19103F-16F7-4668-BE54-9A1E7A4F7556}") = "MessageNotifier", "MessageNotifier\MessageNotifier.csproj", "{98B05A15-995E-44F7-B348-2C5DC7F69946}"
EndProject
Project("{2150E333-8FDC-42A3-9474-1A3956D46DE8}") = "Stepik", "Stepik", "{901C78E8-8181-4CF1-9D9D-C0288FB4EC44}"
EndProject
Project("{9A19103F-16F7-4668-BE54-9A1E7A4F7556}") = "Stepik.OOP", "Stepik\Stepik.OOP\Stepik.OOP.csproj", "{196F381D-040F-4D90-BF3A-C0250CB49F87}"
EndProject
Project("{FAE04EC0-301F-11D3-BF4B-00C04F79EFBC}") = "Up_And_Down_Cast", "Up_And_Down_Cast\Up_And_Down_Cast.csproj", "{41C15B95-6D67-4906-B72C-A2E0E50F48CD}"
EndProject
Global
	GlobalSection(SolutionConfigurationPlatforms) = preSolution
		Debug|Any CPU = Debug|Any CPU
		Release|Any CPU = Release|Any CPU
	EndGlobalSection
	GlobalSection(ProjectConfigurationPlatforms) = postSolution
		{4B671111-60A0-4059-AD67-EF0E02E04EF1}.Debug|Any CPU.ActiveCfg = Debug|Any CPU
		{4B671111-60A0-4059-AD67-EF0E02E04EF1}.Debug|Any CPU.Build.0 = Debug|Any CPU
		{4B671111-60A0-4059-AD67-EF0E02E04EF1}.Release|Any CPU.ActiveCfg = Release|Any CPU
		{4B671111-60A0-4059-AD67-EF0E02E04EF1}.Release|Any CPU.Build.0 = Release|Any CPU
		{69E491A2-8AB0-4BDA-8ECC-80C92FAB011E}.Debug|Any CPU.ActiveCfg = Debug|Any CPU
		{69E491A2-8AB0-4BDA-8ECC-80C92FAB011E}.Debug|Any CPU.Build.0 = Debug|Any CPU
		{69E491A2-8AB0-4BDA-8ECC-80C92FAB011E}.Release|Any CPU.ActiveCfg = Release|Any CPU
		{69E491A2-8AB0-4BDA-8ECC-80C92FAB011E}.Release|Any CPU.Build.0 = Release|Any CPU
		{65E09F91-2F04-45A0-BC0E-B783E6860A36}.Debug|Any CPU.ActiveCfg = Debug|Any CPU
		{65E09F91-2F04-45A0-BC0E-B783E6860A36}.Debug|Any CPU.Build.0 = Debug|Any CPU
		{65E09F91-2F04-45A0-BC0E-B783E6860A36}.Release|Any CPU.ActiveCfg = Release|Any CPU
		{65E09F91-2F04-45A0-BC0E-B783E6860A36}.Release|Any CPU.Build.0 = Release|Any CPU
		{1585292F-C42E-4F1A-A53D-D551CCC30FBC}.Debug|Any CPU.ActiveCfg = Debug|Any CPU
		{1585292F-C42E-4F1A-A53D-D551CCC30FBC}.Debug|Any CPU.Build.0 = Debug|Any CPU
		{1585292F-C42E-4F1A-A53D-D551CCC30FBC}.Release|Any CPU.ActiveCfg = Release|Any CPU
		{1585292F-C42E-4F1A-A53D-D551CCC30FBC}.Release|Any CPU.Build.0 = Release|Any CPU
		{FB1DBE40-1EA0-4267-AE0C-9D5BB75E4A3E}.Debug|Any CPU.ActiveCfg = Debug|Any CPU
		{FB1DBE40-1EA0-4267-AE0C-9D5BB75E4A3E}.Debug|Any CPU.Build.0 = Debug|Any CPU
		{FB1DBE40-1EA0-4267-AE0C-9D5BB75E4A3E}.Release|Any CPU.ActiveCfg = Release|Any CPU
		{FB1DBE40-1EA0-4267-AE0C-9D5BB75E4A3E}.Release|Any CPU.Build.0 = Release|Any CPU
		{917C3990-27C1-46AC-8D85-80CC79BF4CBF}.Debug|Any CPU.ActiveCfg = Debug|Any CPU
		{917C3990-27C1-46AC-8D85-80CC79BF4CBF}.Debug|Any CPU.Build.0 = Debug|Any CPU
		{917C3990-27C1-46AC-8D85-80CC79BF4CBF}.Release|Any CPU.ActiveCfg = Release|Any CPU
		{917C3990-27C1-46AC-8D85-80CC79BF4CBF}.Release|Any CPU.Build.0 = Release|Any CPU
		{09AE22D9-1C2D-413C-812A-0353B402DF48}.Debug|Any CPU.ActiveCfg = Debug|Any CPU
		{09AE22D9-1C2D-413C-812A-0353B402DF48}.Debug|Any CPU.Build.0 = Debug|Any CPU
		{09AE22D9-1C2D-413C-812A-0353B402DF48}.Release|Any CPU.ActiveCfg = Release|Any CPU
		{09AE22D9-1C2D-413C-812A-0353B402DF48}.Release|Any CPU.Build.0 = Release|Any CPU
		{499128C7-D625-47C0-AB0C-1661D17F5DF3}.Debug|Any CPU.ActiveCfg = Debug|Any CPU
		{499128C7-D625-47C0-AB0C-1661D17F5DF3}.Debug|Any CPU.Build.0 = Debug|Any CPU
		{499128C7-D625-47C0-AB0C-1661D17F5DF3}.Release|Any CPU.ActiveCfg = Release|Any CPU
		{499128C7-D625-47C0-AB0C-1661D17F5DF3}.Release|Any CPU.Build.0 = Release|Any CPU
		{1C459949-EB76-458A-9088-CBAA0AC41485}.Debug|Any CPU.ActiveCfg = Debug|Any CPU
		{1C459949-EB76-458A-9088-CBAA0AC41485}.Debug|Any CPU.Build.0 = Debug|Any CPU
		{1C459949-EB76-458A-9088-CBAA0AC41485}.Release|Any CPU.ActiveCfg = Release|Any CPU
		{1C459949-EB76-458A-9088-CBAA0AC41485}.Release|Any CPU.Build.0 = Release|Any CPU
		{802BC702-274A-4AAF-8A6E-7266C39CC0D7}.Debug|Any CPU.ActiveCfg = Debug|Any CPU
		{802BC702-274A-4AAF-8A6E-7266C39CC0D7}.Debug|Any CPU.Build.0 = Debug|Any CPU
		{802BC702-274A-4AAF-8A6E-7266C39CC0D7}.Release|Any CPU.ActiveCfg = Release|Any CPU
		{802BC702-274A-4AAF-8A6E-7266C39CC0D7}.Release|Any CPU.Build.0 = Release|Any CPU
		{95B87A01-09EA-4D36-B617-B9B014D88626}.Debug|Any CPU.ActiveCfg = Debug|Any CPU
		{95B87A01-09EA-4D36-B617-B9B014D88626}.Debug|Any CPU.Build.0 = Debug|Any CPU
		{95B87A01-09EA-4D36-B617-B9B014D88626}.Release|Any CPU.ActiveCfg = Release|Any CPU
		{95B87A01-09EA-4D36-B617-B9B014D88626}.Release|Any CPU.Build.0 = Release|Any CPU
		{EC979E16-6D06-445C-9B54-736B0CD03FEC}.Debug|Any CPU.ActiveCfg = Debug|Any CPU
		{EC979E16-6D06-445C-9B54-736B0CD03FEC}.Debug|Any CPU.Build.0 = Debug|Any CPU
		{EC979E16-6D06-445C-9B54-736B0CD03FEC}.Release|Any CPU.ActiveCfg = Release|Any CPU
		{EC979E16-6D06-445C-9B54-736B0CD03FEC}.Release|Any CPU.Build.0 = Release|Any CPU
		{C83A95D1-F7C3-472D-8EB1-E9BC5A15F6DA}.Debug|Any CPU.ActiveCfg = Debug|Any CPU
		{C83A95D1-F7C3-472D-8EB1-E9BC5A15F6DA}.Debug|Any CPU.Build.0 = Debug|Any CPU
		{C83A95D1-F7C3-472D-8EB1-E9BC5A15F6DA}.Release|Any CPU.ActiveCfg = Release|Any CPU
		{C83A95D1-F7C3-472D-8EB1-E9BC5A15F6DA}.Release|Any CPU.Build.0 = Release|Any CPU
		{AFB3DCE4-D934-40CC-BF04-7C5341C84291}.Debug|Any CPU.ActiveCfg = Debug|Any CPU
		{AFB3DCE4-D934-40CC-BF04-7C5341C84291}.Debug|Any CPU.Build.0 = Debug|Any CPU
		{AFB3DCE4-D934-40CC-BF04-7C5341C84291}.Release|Any CPU.ActiveCfg = Release|Any CPU
		{AFB3DCE4-D934-40CC-BF04-7C5341C84291}.Release|Any CPU.Build.0 = Release|Any CPU
		{84004983-95C6-43AD-8AFC-8E4EE3C8D0BF}.Debug|Any CPU.ActiveCfg = Debug|Any CPU
		{84004983-95C6-43AD-8AFC-8E4EE3C8D0BF}.Debug|Any CPU.Build.0 = Debug|Any CPU
		{84004983-95C6-43AD-8AFC-8E4EE3C8D0BF}.Release|Any CPU.ActiveCfg = Release|Any CPU
		{84004983-95C6-43AD-8AFC-8E4EE3C8D0BF}.Release|Any CPU.Build.0 = Release|Any CPU
		{CA9EFDEA-3306-40C4-84A2-F07FFC2A2CEB}.Debug|Any CPU.ActiveCfg = Debug|Any CPU
		{CA9EFDEA-3306-40C4-84A2-F07FFC2A2CEB}.Debug|Any CPU.Build.0 = Debug|Any CPU
		{CA9EFDEA-3306-40C4-84A2-F07FFC2A2CEB}.Release|Any CPU.ActiveCfg = Release|Any CPU
		{CA9EFDEA-3306-40C4-84A2-F07FFC2A2CEB}.Release|Any CPU.Build.0 = Release|Any CPU
		{BBE17C43-E2F6-4A39-863B-568DB9F5810F}.Debug|Any CPU.ActiveCfg = Debug|Any CPU
		{BBE17C43-E2F6-4A39-863B-568DB9F5810F}.Debug|Any CPU.Build.0 = Debug|Any CPU
		{BBE17C43-E2F6-4A39-863B-568DB9F5810F}.Release|Any CPU.ActiveCfg = Release|Any CPU
		{BBE17C43-E2F6-4A39-863B-568DB9F5810F}.Release|Any CPU.Build.0 = Release|Any CPU
		{90E866F0-7A49-4441-B3F5-B1EEF3D6AEF6}.Debug|Any CPU.ActiveCfg = Debug|Any CPU
		{90E866F0-7A49-4441-B3F5-B1EEF3D6AEF6}.Debug|Any CPU.Build.0 = Debug|Any CPU
		{90E866F0-7A49-4441-B3F5-B1EEF3D6AEF6}.Release|Any CPU.ActiveCfg = Release|Any CPU
		{90E866F0-7A49-4441-B3F5-B1EEF3D6AEF6}.Release|Any CPU.Build.0 = Release|Any CPU
		{4238D679-5D1B-43DE-BCBF-6F165C022D2B}.Debug|Any CPU.ActiveCfg = Debug|Any CPU
		{4238D679-5D1B-43DE-BCBF-6F165C022D2B}.Debug|Any CPU.Build.0 = Debug|Any CPU
		{4238D679-5D1B-43DE-BCBF-6F165C022D2B}.Release|Any CPU.ActiveCfg = Release|Any CPU
		{4238D679-5D1B-43DE-BCBF-6F165C022D2B}.Release|Any CPU.Build.0 = Release|Any CPU
		{16DD5012-F7F8-42EA-A170-BBB1C28D0B9B}.Debug|Any CPU.ActiveCfg = Debug|Any CPU
		{16DD5012-F7F8-42EA-A170-BBB1C28D0B9B}.Debug|Any CPU.Build.0 = Debug|Any CPU
		{16DD5012-F7F8-42EA-A170-BBB1C28D0B9B}.Release|Any CPU.ActiveCfg = Release|Any CPU
		{16DD5012-F7F8-42EA-A170-BBB1C28D0B9B}.Release|Any CPU.Build.0 = Release|Any CPU
		{704CFE5F-ECAE-4A47-A76A-3DEE273406BE}.Debug|Any CPU.ActiveCfg = Debug|Any CPU
		{704CFE5F-ECAE-4A47-A76A-3DEE273406BE}.Debug|Any CPU.Build.0 = Debug|Any CPU
		{704CFE5F-ECAE-4A47-A76A-3DEE273406BE}.Release|Any CPU.ActiveCfg = Release|Any CPU
		{704CFE5F-ECAE-4A47-A76A-3DEE273406BE}.Release|Any CPU.Build.0 = Release|Any CPU
		{FC821859-A71D-4B12-934D-1AD1575CA32B}.Debug|Any CPU.ActiveCfg = Debug|Any CPU
		{FC821859-A71D-4B12-934D-1AD1575CA32B}.Debug|Any CPU.Build.0 = Debug|Any CPU
		{FC821859-A71D-4B12-934D-1AD1575CA32B}.Release|Any CPU.ActiveCfg = Release|Any CPU
		{FC821859-A71D-4B12-934D-1AD1575CA32B}.Release|Any CPU.Build.0 = Release|Any CPU
		{04F20691-C98D-4714-A22D-0119CAD87B6B}.Debug|Any CPU.ActiveCfg = Debug|Any CPU
		{04F20691-C98D-4714-A22D-0119CAD87B6B}.Debug|Any CPU.Build.0 = Debug|Any CPU
		{04F20691-C98D-4714-A22D-0119CAD87B6B}.Release|Any CPU.ActiveCfg = Release|Any CPU
		{04F20691-C98D-4714-A22D-0119CAD87B6B}.Release|Any CPU.Build.0 = Release|Any CPU
		{E3B8A3F4-14C4-4FA0-8F8C-9796D2EF5E02}.Debug|Any CPU.ActiveCfg = Debug|Any CPU
		{E3B8A3F4-14C4-4FA0-8F8C-9796D2EF5E02}.Debug|Any CPU.Build.0 = Debug|Any CPU
		{E3B8A3F4-14C4-4FA0-8F8C-9796D2EF5E02}.Release|Any CPU.ActiveCfg = Release|Any CPU
		{E3B8A3F4-14C4-4FA0-8F8C-9796D2EF5E02}.Release|Any CPU.Build.0 = Release|Any CPU
		{13C95BD8-2AF8-417E-AE39-7676BD580F6A}.Debug|Any CPU.ActiveCfg = Debug|Any CPU
		{13C95BD8-2AF8-417E-AE39-7676BD580F6A}.Debug|Any CPU.Build.0 = Debug|Any CPU
		{13C95BD8-2AF8-417E-AE39-7676BD580F6A}.Release|Any CPU.ActiveCfg = Release|Any CPU
		{13C95BD8-2AF8-417E-AE39-7676BD580F6A}.Release|Any CPU.Build.0 = Release|Any CPU
		{A4F27C25-B301-465F-8AFA-20C94ED76866}.Debug|Any CPU.ActiveCfg = Debug|Any CPU
		{A4F27C25-B301-465F-8AFA-20C94ED76866}.Debug|Any CPU.Build.0 = Debug|Any CPU
		{A4F27C25-B301-465F-8AFA-20C94ED76866}.Release|Any CPU.ActiveCfg = Release|Any CPU
		{A4F27C25-B301-465F-8AFA-20C94ED76866}.Release|Any CPU.Build.0 = Release|Any CPU
		{D2D710F8-1A48-49E2-8A29-A081ED441AF1}.Debug|Any CPU.ActiveCfg = Debug|Any CPU
		{D2D710F8-1A48-49E2-8A29-A081ED441AF1}.Debug|Any CPU.Build.0 = Debug|Any CPU
		{D2D710F8-1A48-49E2-8A29-A081ED441AF1}.Release|Any CPU.ActiveCfg = Release|Any CPU
		{D2D710F8-1A48-49E2-8A29-A081ED441AF1}.Release|Any CPU.Build.0 = Release|Any CPU
		{C1B77366-EF8D-4E7E-B5E8-086EB465F9BE}.Debug|Any CPU.ActiveCfg = Debug|Any CPU
		{C1B77366-EF8D-4E7E-B5E8-086EB465F9BE}.Debug|Any CPU.Build.0 = Debug|Any CPU
		{C1B77366-EF8D-4E7E-B5E8-086EB465F9BE}.Release|Any CPU.ActiveCfg = Release|Any CPU
		{C1B77366-EF8D-4E7E-B5E8-086EB465F9BE}.Release|Any CPU.Build.0 = Release|Any CPU
		{6C88F452-A3D3-402F-B3F1-83E4FDEA4A2C}.Debug|Any CPU.ActiveCfg = Debug|Any CPU
		{6C88F452-A3D3-402F-B3F1-83E4FDEA4A2C}.Debug|Any CPU.Build.0 = Debug|Any CPU
		{6C88F452-A3D3-402F-B3F1-83E4FDEA4A2C}.Release|Any CPU.ActiveCfg = Release|Any CPU
		{6C88F452-A3D3-402F-B3F1-83E4FDEA4A2C}.Release|Any CPU.Build.0 = Release|Any CPU
		{A5656A8B-D0A8-47EC-A300-CBC56ED749AF}.Debug|Any CPU.ActiveCfg = Debug|Any CPU
		{A5656A8B-D0A8-47EC-A300-CBC56ED749AF}.Debug|Any CPU.Build.0 = Debug|Any CPU
		{A5656A8B-D0A8-47EC-A300-CBC56ED749AF}.Release|Any CPU.ActiveCfg = Release|Any CPU
		{A5656A8B-D0A8-47EC-A300-CBC56ED749AF}.Release|Any CPU.Build.0 = Release|Any CPU
		{FA1B3235-72A9-4443-A330-A3219838776F}.Debug|Any CPU.ActiveCfg = Debug|Any CPU
		{FA1B3235-72A9-4443-A330-A3219838776F}.Debug|Any CPU.Build.0 = Debug|Any CPU
		{FA1B3235-72A9-4443-A330-A3219838776F}.Release|Any CPU.ActiveCfg = Release|Any CPU
		{FA1B3235-72A9-4443-A330-A3219838776F}.Release|Any CPU.Build.0 = Release|Any CPU
		{7E4FD8F7-00B6-4599-837E-2374C993DAE7}.Debug|Any CPU.ActiveCfg = Debug|Any CPU
		{7E4FD8F7-00B6-4599-837E-2374C993DAE7}.Debug|Any CPU.Build.0 = Debug|Any CPU
		{7E4FD8F7-00B6-4599-837E-2374C993DAE7}.Release|Any CPU.ActiveCfg = Release|Any CPU
		{7E4FD8F7-00B6-4599-837E-2374C993DAE7}.Release|Any CPU.Build.0 = Release|Any CPU
		{9FD05A1B-52BB-4E8E-91FB-9D412176D6D7}.Debug|Any CPU.ActiveCfg = Debug|Any CPU
		{9FD05A1B-52BB-4E8E-91FB-9D412176D6D7}.Debug|Any CPU.Build.0 = Debug|Any CPU
		{9FD05A1B-52BB-4E8E-91FB-9D412176D6D7}.Release|Any CPU.ActiveCfg = Release|Any CPU
		{9FD05A1B-52BB-4E8E-91FB-9D412176D6D7}.Release|Any CPU.Build.0 = Release|Any CPU
		{98B05A15-995E-44F7-B348-2C5DC7F69946}.Debug|Any CPU.ActiveCfg = Debug|Any CPU
		{98B05A15-995E-44F7-B348-2C5DC7F69946}.Debug|Any CPU.Build.0 = Debug|Any CPU
		{98B05A15-995E-44F7-B348-2C5DC7F69946}.Release|Any CPU.ActiveCfg = Release|Any CPU
		{98B05A15-995E-44F7-B348-2C5DC7F69946}.Release|Any CPU.Build.0 = Release|Any CPU
		{196F381D-040F-4D90-BF3A-C0250CB49F87}.Debug|Any CPU.ActiveCfg = Debug|Any CPU
		{196F381D-040F-4D90-BF3A-C0250CB49F87}.Debug|Any CPU.Build.0 = Debug|Any CPU
		{196F381D-040F-4D90-BF3A-C0250CB49F87}.Release|Any CPU.ActiveCfg = Release|Any CPU
		{196F381D-040F-4D90-BF3A-C0250CB49F87}.Release|Any CPU.Build.0 = Release|Any CPU
		{41C15B95-6D67-4906-B72C-A2E0E50F48CD}.Debug|Any CPU.ActiveCfg = Debug|Any CPU
		{41C15B95-6D67-4906-B72C-A2E0E50F48CD}.Debug|Any CPU.Build.0 = Debug|Any CPU
		{41C15B95-6D67-4906-B72C-A2E0E50F48CD}.Release|Any CPU.ActiveCfg = Release|Any CPU
		{41C15B95-6D67-4906-B72C-A2E0E50F48CD}.Release|Any CPU.Build.0 = Release|Any CPU
	EndGlobalSection
	GlobalSection(SolutionProperties) = preSolution
		HideSolutionNode = FALSE
	EndGlobalSection
	GlobalSection(NestedProjects) = preSolution
		{4B671111-60A0-4059-AD67-EF0E02E04EF1} = {20EA27C9-61E0-45B0-AEB2-0D06F1D8EE10}
		{69E491A2-8AB0-4BDA-8ECC-80C92FAB011E} = {20EA27C9-61E0-45B0-AEB2-0D06F1D8EE10}
		{65E09F91-2F04-45A0-BC0E-B783E6860A36} = {20EA27C9-61E0-45B0-AEB2-0D06F1D8EE10}
		{1585292F-C42E-4F1A-A53D-D551CCC30FBC} = {20EA27C9-61E0-45B0-AEB2-0D06F1D8EE10}
		{FB1DBE40-1EA0-4267-AE0C-9D5BB75E4A3E} = {20EA27C9-61E0-45B0-AEB2-0D06F1D8EE10}
		{917C3990-27C1-46AC-8D85-80CC79BF4CBF} = {20EA27C9-61E0-45B0-AEB2-0D06F1D8EE10}
		{09AE22D9-1C2D-413C-812A-0353B402DF48} = {20EA27C9-61E0-45B0-AEB2-0D06F1D8EE10}
		{499128C7-D625-47C0-AB0C-1661D17F5DF3} = {20EA27C9-61E0-45B0-AEB2-0D06F1D8EE10}
		{1C459949-EB76-458A-9088-CBAA0AC41485} = {20EA27C9-61E0-45B0-AEB2-0D06F1D8EE10}
		{802BC702-274A-4AAF-8A6E-7266C39CC0D7} = {20EA27C9-61E0-45B0-AEB2-0D06F1D8EE10}
		{95B87A01-09EA-4D36-B617-B9B014D88626} = {20EA27C9-61E0-45B0-AEB2-0D06F1D8EE10}
		{EC979E16-6D06-445C-9B54-736B0CD03FEC} = {20EA27C9-61E0-45B0-AEB2-0D06F1D8EE10}
		{C83A95D1-F7C3-472D-8EB1-E9BC5A15F6DA} = {20EA27C9-61E0-45B0-AEB2-0D06F1D8EE10}
		{AFB3DCE4-D934-40CC-BF04-7C5341C84291} = {20EA27C9-61E0-45B0-AEB2-0D06F1D8EE10}
		{84004983-95C6-43AD-8AFC-8E4EE3C8D0BF} = {20EA27C9-61E0-45B0-AEB2-0D06F1D8EE10}
		{CA9EFDEA-3306-40C4-84A2-F07FFC2A2CEB} = {20EA27C9-61E0-45B0-AEB2-0D06F1D8EE10}
		{BBE17C43-E2F6-4A39-863B-568DB9F5810F} = {20EA27C9-61E0-45B0-AEB2-0D06F1D8EE10}
		{90E866F0-7A49-4441-B3F5-B1EEF3D6AEF6} = {20EA27C9-61E0-45B0-AEB2-0D06F1D8EE10}
		{4238D679-5D1B-43DE-BCBF-6F165C022D2B} = {20EA27C9-61E0-45B0-AEB2-0D06F1D8EE10}
		{16DD5012-F7F8-42EA-A170-BBB1C28D0B9B} = {20EA27C9-61E0-45B0-AEB2-0D06F1D8EE10}
		{704CFE5F-ECAE-4A47-A76A-3DEE273406BE} = {20EA27C9-61E0-45B0-AEB2-0D06F1D8EE10}
		{FC821859-A71D-4B12-934D-1AD1575CA32B} = {B2F8178A-05AA-4775-A86C-1A045FEF4842}
		{04F20691-C98D-4714-A22D-0119CAD87B6B} = {CEB47356-6AD1-435A-BAB3-D5727ACA51C0}
		{E3B8A3F4-14C4-4FA0-8F8C-9796D2EF5E02} = {B2F8178A-05AA-4775-A86C-1A045FEF4842}
		{13C95BD8-2AF8-417E-AE39-7676BD580F6A} = {B2F8178A-05AA-4775-A86C-1A045FEF4842}
		{A4F27C25-B301-465F-8AFA-20C94ED76866} = {CEB47356-6AD1-435A-BAB3-D5727ACA51C0}
		{D2D710F8-1A48-49E2-8A29-A081ED441AF1} = {C7844A84-A7F4-4FD7-95BD-E3E7B7373982}
		{C1B77366-EF8D-4E7E-B5E8-086EB465F9BE} = {C7844A84-A7F4-4FD7-95BD-E3E7B7373982}
		{6C88F452-A3D3-402F-B3F1-83E4FDEA4A2C} = {C7844A84-A7F4-4FD7-95BD-E3E7B7373982}
		{A5656A8B-D0A8-47EC-A300-CBC56ED749AF} = {C7844A84-A7F4-4FD7-95BD-E3E7B7373982}
		{FA1B3235-72A9-4443-A330-A3219838776F} = {C7844A84-A7F4-4FD7-95BD-E3E7B7373982}
		{7E4FD8F7-00B6-4599-837E-2374C993DAE7} = {FB2F9CDA-C9A8-481B-A203-19E1C86FE9D3}
		{9FD05A1B-52BB-4E8E-91FB-9D412176D6D7} = {CEB47356-6AD1-435A-BAB3-D5727ACA51C0}
		{98B05A15-995E-44F7-B348-2C5DC7F69946} = {CEB47356-6AD1-435A-BAB3-D5727ACA51C0}
		{196F381D-040F-4D90-BF3A-C0250CB49F87} = {901C78E8-8181-4CF1-9D9D-C0288FB4EC44}
	EndGlobalSection
	GlobalSection(ExtensibilityGlobals) = postSolution
		SolutionGuid = {8E9BFA71-BF4A-43F8-B364-DA3162997907}
	EndGlobalSection
EndGlobal
